// !$*UTF8*$!
{
	archiveVersion = 1;
	classes = {
	};
	objectVersion = 56;
	objects = {

/* Begin PBXBuildFile section */
		F419354C2987E38300590008 /* Home.storyboard in Resources */ = {isa = PBXBuildFile; fileRef = F419354B2987E38300590008 /* Home.storyboard */; };
		F41935532987EDED00590008 /* ChokoMilky.ttf in Resources */ = {isa = PBXBuildFile; fileRef = F41935512987EDEC00590008 /* ChokoMilky.ttf */; };
		F4AF91DA297E585F0016A614 /* ToDoTableViewCell.swift in Sources */ = {isa = PBXBuildFile; fileRef = F4AF91D9297E585F0016A614 /* ToDoTableViewCell.swift */; };
		F4B1F13F296BEBEB006AEF63 /* AppDelegate.swift in Sources */ = {isa = PBXBuildFile; fileRef = F4B1F13E296BEBEB006AEF63 /* AppDelegate.swift */; };
		F4B1F141296BEBEB006AEF63 /* SceneDelegate.swift in Sources */ = {isa = PBXBuildFile; fileRef = F4B1F140296BEBEB006AEF63 /* SceneDelegate.swift */; };
		F4B1F143296BEBEB006AEF63 /* LoginViewController.swift in Sources */ = {isa = PBXBuildFile; fileRef = F4B1F142296BEBEB006AEF63 /* LoginViewController.swift */; };
		F4B1F146296BEBEB006AEF63 /* Main.storyboard in Resources */ = {isa = PBXBuildFile; fileRef = F4B1F144296BEBEB006AEF63 /* Main.storyboard */; };
		F4B1F149296BEBEB006AEF63 /* ToDo4U.xcdatamodeld in Sources */ = {isa = PBXBuildFile; fileRef = F4B1F147296BEBEB006AEF63 /* ToDo4U.xcdatamodeld */; };
		F4B1F14B296BEBFA006AEF63 /* Assets.xcassets in Resources */ = {isa = PBXBuildFile; fileRef = F4B1F14A296BEBFA006AEF63 /* Assets.xcassets */; };
		F4B1F14E296BEBFA006AEF63 /* LaunchScreen.storyboard in Resources */ = {isa = PBXBuildFile; fileRef = F4B1F14C296BEBFA006AEF63 /* LaunchScreen.storyboard */; };
		F4B1F159296BEBFC006AEF63 /* ToDo4UTests.swift in Sources */ = {isa = PBXBuildFile; fileRef = F4B1F158296BEBFC006AEF63 /* ToDo4UTests.swift */; };
		F4B1F163296BEBFC006AEF63 /* ToDo4UUITests.swift in Sources */ = {isa = PBXBuildFile; fileRef = F4B1F162296BEBFC006AEF63 /* ToDo4UUITests.swift */; };
		F4B1F165296BEBFC006AEF63 /* ToDo4UUITestsLaunchTests.swift in Sources */ = {isa = PBXBuildFile; fileRef = F4B1F164296BEBFC006AEF63 /* ToDo4UUITestsLaunchTests.swift */; };
/* End PBXBuildFile section */

/* Begin PBXContainerItemProxy section */
		F4B1F155296BEBFC006AEF63 /* PBXContainerItemProxy */ = {
			isa = PBXContainerItemProxy;
			containerPortal = F4B1F133296BEBEA006AEF63 /* Project object */;
			proxyType = 1;
			remoteGlobalIDString = F4B1F13A296BEBEA006AEF63;
			remoteInfo = ToDo4U;
		};
		F4B1F15F296BEBFC006AEF63 /* PBXContainerItemProxy */ = {
			isa = PBXContainerItemProxy;
			containerPortal = F4B1F133296BEBEA006AEF63 /* Project object */;
			proxyType = 1;
			remoteGlobalIDString = F4B1F13A296BEBEA006AEF63;
			remoteInfo = ToDo4U;
		};
/* End PBXContainerItemProxy section */

/* Begin PBXFileReference section */
		F419354B2987E38300590008 /* Home.storyboard */ = {isa = PBXFileReference; lastKnownFileType = file.storyboard; path = Home.storyboard; sourceTree = "<group>"; };
		F41935512987EDEC00590008 /* ChokoMilky.ttf */ = {isa = PBXFileReference; lastKnownFileType = file; path = ChokoMilky.ttf; sourceTree = "<group>"; };
		F4AF91D9297E585F0016A614 /* ToDoTableViewCell.swift */ = {isa = PBXFileReference; lastKnownFileType = sourcecode.swift; path = ToDoTableViewCell.swift; sourceTree = "<group>"; };
		F4B1F13B296BEBEA006AEF63 /* ToDo4U.app */ = {isa = PBXFileReference; explicitFileType = wrapper.application; includeInIndex = 0; path = ToDo4U.app; sourceTree = BUILT_PRODUCTS_DIR; };
		F4B1F13E296BEBEB006AEF63 /* AppDelegate.swift */ = {isa = PBXFileReference; lastKnownFileType = sourcecode.swift; path = AppDelegate.swift; sourceTree = "<group>"; };
		F4B1F140296BEBEB006AEF63 /* SceneDelegate.swift */ = {isa = PBXFileReference; lastKnownFileType = sourcecode.swift; path = SceneDelegate.swift; sourceTree = "<group>"; };
		F4B1F142296BEBEB006AEF63 /* LoginViewController.swift */ = {isa = PBXFileReference; lastKnownFileType = sourcecode.swift; path = LoginViewController.swift; sourceTree = "<group>"; };
		F4B1F145296BEBEB006AEF63 /* Base */ = {isa = PBXFileReference; lastKnownFileType = file.storyboard; name = Base; path = Base.lproj/Main.storyboard; sourceTree = "<group>"; };
		F4B1F148296BEBEB006AEF63 /* ToDo4U.xcdatamodel */ = {isa = PBXFileReference; lastKnownFileType = wrapper.xcdatamodel; path = ToDo4U.xcdatamodel; sourceTree = "<group>"; };
		F4B1F14A296BEBFA006AEF63 /* Assets.xcassets */ = {isa = PBXFileReference; lastKnownFileType = folder.assetcatalog; path = Assets.xcassets; sourceTree = "<group>"; };
		F4B1F14D296BEBFA006AEF63 /* Base */ = {isa = PBXFileReference; lastKnownFileType = file.storyboard; name = Base; path = Base.lproj/LaunchScreen.storyboard; sourceTree = "<group>"; };
		F4B1F14F296BEBFA006AEF63 /* Info.plist */ = {isa = PBXFileReference; lastKnownFileType = text.plist.xml; path = Info.plist; sourceTree = "<group>"; };
		F4B1F154296BEBFC006AEF63 /* ToDo4UTests.xctest */ = {isa = PBXFileReference; explicitFileType = wrapper.cfbundle; includeInIndex = 0; path = ToDo4UTests.xctest; sourceTree = BUILT_PRODUCTS_DIR; };
		F4B1F158296BEBFC006AEF63 /* ToDo4UTests.swift */ = {isa = PBXFileReference; lastKnownFileType = sourcecode.swift; path = ToDo4UTests.swift; sourceTree = "<group>"; };
		F4B1F15E296BEBFC006AEF63 /* ToDo4UUITests.xctest */ = {isa = PBXFileReference; explicitFileType = wrapper.cfbundle; includeInIndex = 0; path = ToDo4UUITests.xctest; sourceTree = BUILT_PRODUCTS_DIR; };
		F4B1F162296BEBFC006AEF63 /* ToDo4UUITests.swift */ = {isa = PBXFileReference; lastKnownFileType = sourcecode.swift; path = ToDo4UUITests.swift; sourceTree = "<group>"; };
		F4B1F164296BEBFC006AEF63 /* ToDo4UUITestsLaunchTests.swift */ = {isa = PBXFileReference; lastKnownFileType = sourcecode.swift; path = ToDo4UUITestsLaunchTests.swift; sourceTree = "<group>"; };
/* End PBXFileReference section */

/* Begin PBXFrameworksBuildPhase section */
		F4B1F138296BEBEA006AEF63 /* Frameworks */ = {
			isa = PBXFrameworksBuildPhase;
			buildActionMask = 2147483647;
			files = (
			);
			runOnlyForDeploymentPostprocessing = 0;
		};
		F4B1F151296BEBFC006AEF63 /* Frameworks */ = {
			isa = PBXFrameworksBuildPhase;
			buildActionMask = 2147483647;
			files = (
			);
			runOnlyForDeploymentPostprocessing = 0;
		};
		F4B1F15B296BEBFC006AEF63 /* Frameworks */ = {
			isa = PBXFrameworksBuildPhase;
			buildActionMask = 2147483647;
			files = (
			);
			runOnlyForDeploymentPostprocessing = 0;
		};
/* End PBXFrameworksBuildPhase section */

/* Begin PBXGroup section */
		F419354D2987E38D00590008 /* Storyboard */ = {
			isa = PBXGroup;
			children = (
				F4B1F144296BEBEB006AEF63 /* Main.storyboard */,
				F419354B2987E38300590008 /* Home.storyboard */,
			);
			path = Storyboard;
			sourceTree = "<group>";
		};
		F419354E2987ED4000590008 /* Assets */ = {
			isa = PBXGroup;
			children = (
				F419354F2987ED7000590008 /* Fonts */,
				F4B1F14A296BEBFA006AEF63 /* Assets.xcassets */,
			);
			path = Assets;
			sourceTree = "<group>";
		};
		F419354F2987ED7000590008 /* Fonts */ = {
			isa = PBXGroup;
			children = (
				F41935512987EDEC00590008 /* ChokoMilky.ttf */,
			);
			path = Fonts;
			sourceTree = "<group>";
		};
		F4B1F132296BEBEA006AEF63 = {
			isa = PBXGroup;
			children = (
				F4B1F13D296BEBEB006AEF63 /* ToDo4U */,
				F4B1F157296BEBFC006AEF63 /* ToDo4UTests */,
				F4B1F161296BEBFC006AEF63 /* ToDo4UUITests */,
				F4B1F13C296BEBEA006AEF63 /* Products */,
			);
			sourceTree = "<group>";
		};
		F4B1F13C296BEBEA006AEF63 /* Products */ = {
			isa = PBXGroup;
			children = (
				F4B1F13B296BEBEA006AEF63 /* ToDo4U.app */,
				F4B1F154296BEBFC006AEF63 /* ToDo4UTests.xctest */,
				F4B1F15E296BEBFC006AEF63 /* ToDo4UUITests.xctest */,
			);
			name = Products;
			sourceTree = "<group>";
		};
		F4B1F13D296BEBEB006AEF63 /* ToDo4U */ = {
			isa = PBXGroup;
			children = (
				F419354E2987ED4000590008 /* Assets */,
				F419354D2987E38D00590008 /* Storyboard */,
				F4B1F13E296BEBEB006AEF63 /* AppDelegate.swift */,
				F4B1F140296BEBEB006AEF63 /* SceneDelegate.swift */,
				F4B1F142296BEBEB006AEF63 /* LoginViewController.swift */,
				F4AF91D9297E585F0016A614 /* ToDoTableViewCell.swift */,
				F4B1F14C296BEBFA006AEF63 /* LaunchScreen.storyboard */,
				F4B1F14F296BEBFA006AEF63 /* Info.plist */,
				F4B1F147296BEBEB006AEF63 /* ToDo4U.xcdatamodeld */,
			);
			path = ToDo4U;
			sourceTree = "<group>";
		};
		F4B1F157296BEBFC006AEF63 /* ToDo4UTests */ = {
			isa = PBXGroup;
			children = (
				F4B1F158296BEBFC006AEF63 /* ToDo4UTests.swift */,
			);
			path = ToDo4UTests;
			sourceTree = "<group>";
		};
		F4B1F161296BEBFC006AEF63 /* ToDo4UUITests */ = {
			isa = PBXGroup;
			children = (
				F4B1F162296BEBFC006AEF63 /* ToDo4UUITests.swift */,
				F4B1F164296BEBFC006AEF63 /* ToDo4UUITestsLaunchTests.swift */,
			);
			path = ToDo4UUITests;
			sourceTree = "<group>";
		};
/* End PBXGroup section */

/* Begin PBXNativeTarget section */
		F4B1F13A296BEBEA006AEF63 /* ToDo4U */ = {
			isa = PBXNativeTarget;
			buildConfigurationList = F4B1F168296BEBFC006AEF63 /* Build configuration list for PBXNativeTarget "ToDo4U" */;
			buildPhases = (
				F4B1F137296BEBEA006AEF63 /* Sources */,
				F4B1F138296BEBEA006AEF63 /* Frameworks */,
				F4B1F139296BEBEA006AEF63 /* Resources */,
			);
			buildRules = (
			);
			dependencies = (
			);
			name = ToDo4U;
			productName = ToDo4U;
			productReference = F4B1F13B296BEBEA006AEF63 /* ToDo4U.app */;
			productType = "com.apple.product-type.application";
		};
		F4B1F153296BEBFC006AEF63 /* ToDo4UTests */ = {
			isa = PBXNativeTarget;
			buildConfigurationList = F4B1F16B296BEBFC006AEF63 /* Build configuration list for PBXNativeTarget "ToDo4UTests" */;
			buildPhases = (
				F4B1F150296BEBFC006AEF63 /* Sources */,
				F4B1F151296BEBFC006AEF63 /* Frameworks */,
				F4B1F152296BEBFC006AEF63 /* Resources */,
			);
			buildRules = (
			);
			dependencies = (
				F4B1F156296BEBFC006AEF63 /* PBXTargetDependency */,
			);
			name = ToDo4UTests;
			productName = ToDo4UTests;
			productReference = F4B1F154296BEBFC006AEF63 /* ToDo4UTests.xctest */;
			productType = "com.apple.product-type.bundle.unit-test";
		};
		F4B1F15D296BEBFC006AEF63 /* ToDo4UUITests */ = {
			isa = PBXNativeTarget;
			buildConfigurationList = F4B1F16E296BEBFC006AEF63 /* Build configuration list for PBXNativeTarget "ToDo4UUITests" */;
			buildPhases = (
				F4B1F15A296BEBFC006AEF63 /* Sources */,
				F4B1F15B296BEBFC006AEF63 /* Frameworks */,
				F4B1F15C296BEBFC006AEF63 /* Resources */,
			);
			buildRules = (
			);
			dependencies = (
				F4B1F160296BEBFC006AEF63 /* PBXTargetDependency */,
			);
			name = ToDo4UUITests;
			productName = ToDo4UUITests;
			productReference = F4B1F15E296BEBFC006AEF63 /* ToDo4UUITests.xctest */;
			productType = "com.apple.product-type.bundle.ui-testing";
		};
/* End PBXNativeTarget section */

/* Begin PBXProject section */
		F4B1F133296BEBEA006AEF63 /* Project object */ = {
			isa = PBXProject;
			attributes = {
				BuildIndependentTargetsInParallel = 1;
				LastSwiftUpdateCheck = 1420;
				LastUpgradeCheck = 1420;
				TargetAttributes = {
					F4B1F13A296BEBEA006AEF63 = {
						CreatedOnToolsVersion = 14.2;
					};
					F4B1F153296BEBFC006AEF63 = {
						CreatedOnToolsVersion = 14.2;
						TestTargetID = F4B1F13A296BEBEA006AEF63;
					};
					F4B1F15D296BEBFC006AEF63 = {
						CreatedOnToolsVersion = 14.2;
						TestTargetID = F4B1F13A296BEBEA006AEF63;
					};
				};
			};
			buildConfigurationList = F4B1F136296BEBEA006AEF63 /* Build configuration list for PBXProject "ToDo4U" */;
			compatibilityVersion = "Xcode 14.0";
			developmentRegion = en;
			hasScannedForEncodings = 0;
			knownRegions = (
				en,
				Base,
			);
			mainGroup = F4B1F132296BEBEA006AEF63;
			productRefGroup = F4B1F13C296BEBEA006AEF63 /* Products */;
			projectDirPath = "";
			projectRoot = "";
			targets = (
				F4B1F13A296BEBEA006AEF63 /* ToDo4U */,
				F4B1F153296BEBFC006AEF63 /* ToDo4UTests */,
				F4B1F15D296BEBFC006AEF63 /* ToDo4UUITests */,
			);
		};
/* End PBXProject section */

/* Begin PBXResourcesBuildPhase section */
		F4B1F139296BEBEA006AEF63 /* Resources */ = {
			isa = PBXResourcesBuildPhase;
			buildActionMask = 2147483647;
			files = (
				F4B1F14E296BEBFA006AEF63 /* LaunchScreen.storyboard in Resources */,
				F4B1F14B296BEBFA006AEF63 /* Assets.xcassets in Resources */,
				F4B1F146296BEBEB006AEF63 /* Main.storyboard in Resources */,
				F419354C2987E38300590008 /* Home.storyboard in Resources */,
				F41935532987EDED00590008 /* ChokoMilky.ttf in Resources */,
			);
			runOnlyForDeploymentPostprocessing = 0;
		};
		F4B1F152296BEBFC006AEF63 /* Resources */ = {
			isa = PBXResourcesBuildPhase;
			buildActionMask = 2147483647;
			files = (
			);
			runOnlyForDeploymentPostprocessing = 0;
		};
		F4B1F15C296BEBFC006AEF63 /* Resources */ = {
			isa = PBXResourcesBuildPhase;
			buildActionMask = 2147483647;
			files = (
			);
			runOnlyForDeploymentPostprocessing = 0;
		};
/* End PBXResourcesBuildPhase section */

/* Begin PBXSourcesBuildPhase section */
		F4B1F137296BEBEA006AEF63 /* Sources */ = {
			isa = PBXSourcesBuildPhase;
			buildActionMask = 2147483647;
			files = (
				F4B1F143296BEBEB006AEF63 /* LoginViewController.swift in Sources */,
				F4B1F13F296BEBEB006AEF63 /* AppDelegate.swift in Sources */,
				F4B1F149296BEBEB006AEF63 /* ToDo4U.xcdatamodeld in Sources */,
				F4B1F141296BEBEB006AEF63 /* SceneDelegate.swift in Sources */,
				F4AF91DA297E585F0016A614 /* ToDoTableViewCell.swift in Sources */,
			);
			runOnlyForDeploymentPostprocessing = 0;
		};
		F4B1F150296BEBFC006AEF63 /* Sources */ = {
			isa = PBXSourcesBuildPhase;
			buildActionMask = 2147483647;
			files = (
				F4B1F159296BEBFC006AEF63 /* ToDo4UTests.swift in Sources */,
			);
			runOnlyForDeploymentPostprocessing = 0;
		};
		F4B1F15A296BEBFC006AEF63 /* Sources */ = {
			isa = PBXSourcesBuildPhase;
			buildActionMask = 2147483647;
			files = (
				F4B1F163296BEBFC006AEF63 /* ToDo4UUITests.swift in Sources */,
				F4B1F165296BEBFC006AEF63 /* ToDo4UUITestsLaunchTests.swift in Sources */,
			);
			runOnlyForDeploymentPostprocessing = 0;
		};
/* End PBXSourcesBuildPhase section */

/* Begin PBXTargetDependency section */
		F4B1F156296BEBFC006AEF63 /* PBXTargetDependency */ = {
			isa = PBXTargetDependency;
			target = F4B1F13A296BEBEA006AEF63 /* ToDo4U */;
			targetProxy = F4B1F155296BEBFC006AEF63 /* PBXContainerItemProxy */;
		};
		F4B1F160296BEBFC006AEF63 /* PBXTargetDependency */ = {
			isa = PBXTargetDependency;
			target = F4B1F13A296BEBEA006AEF63 /* ToDo4U */;
			targetProxy = F4B1F15F296BEBFC006AEF63 /* PBXContainerItemProxy */;
		};
/* End PBXTargetDependency section */

/* Begin PBXVariantGroup section */
		F4B1F144296BEBEB006AEF63 /* Main.storyboard */ = {
			isa = PBXVariantGroup;
			children = (
				F4B1F145296BEBEB006AEF63 /* Base */,
			);
			name = Main.storyboard;
			sourceTree = "<group>";
		};
		F4B1F14C296BEBFA006AEF63 /* LaunchScreen.storyboard */ = {
			isa = PBXVariantGroup;
			children = (
				F4B1F14D296BEBFA006AEF63 /* Base */,
			);
			name = LaunchScreen.storyboard;
			sourceTree = "<group>";
		};
/* End PBXVariantGroup section */

/* Begin XCBuildConfiguration section */
		F4B1F166296BEBFC006AEF63 /* Debug */ = {
			isa = XCBuildConfiguration;
			buildSettings = {
				ALWAYS_SEARCH_USER_PATHS = NO;
				CLANG_ANALYZER_NONNULL = YES;
				CLANG_ANALYZER_NUMBER_OBJECT_CONVERSION = YES_AGGRESSIVE;
				CLANG_CXX_LANGUAGE_STANDARD = "gnu++20";
				CLANG_ENABLE_MODULES = YES;
				CLANG_ENABLE_OBJC_ARC = YES;
				CLANG_ENABLE_OBJC_WEAK = YES;
				CLANG_WARN_BLOCK_CAPTURE_AUTORELEASING = YES;
				CLANG_WARN_BOOL_CONVERSION = YES;
				CLANG_WARN_COMMA = YES;
				CLANG_WARN_CONSTANT_CONVERSION = YES;
				CLANG_WARN_DEPRECATED_OBJC_IMPLEMENTATIONS = YES;
				CLANG_WARN_DIRECT_OBJC_ISA_USAGE = YES_ERROR;
				CLANG_WARN_DOCUMENTATION_COMMENTS = YES;
				CLANG_WARN_EMPTY_BODY = YES;
				CLANG_WARN_ENUM_CONVERSION = YES;
				CLANG_WARN_INFINITE_RECURSION = YES;
				CLANG_WARN_INT_CONVERSION = YES;
				CLANG_WARN_NON_LITERAL_NULL_CONVERSION = YES;
				CLANG_WARN_OBJC_IMPLICIT_RETAIN_SELF = YES;
				CLANG_WARN_OBJC_LITERAL_CONVERSION = YES;
				CLANG_WARN_OBJC_ROOT_CLASS = YES_ERROR;
				CLANG_WARN_QUOTED_INCLUDE_IN_FRAMEWORK_HEADER = YES;
				CLANG_WARN_RANGE_LOOP_ANALYSIS = YES;
				CLANG_WARN_STRICT_PROTOTYPES = YES;
				CLANG_WARN_SUSPICIOUS_MOVE = YES;
				CLANG_WARN_UNGUARDED_AVAILABILITY = YES_AGGRESSIVE;
				CLANG_WARN_UNREACHABLE_CODE = YES;
				CLANG_WARN__DUPLICATE_METHOD_MATCH = YES;
				COPY_PHASE_STRIP = NO;
				DEBUG_INFORMATION_FORMAT = dwarf;
				ENABLE_STRICT_OBJC_MSGSEND = YES;
				ENABLE_TESTABILITY = YES;
				GCC_C_LANGUAGE_STANDARD = gnu11;
				GCC_DYNAMIC_NO_PIC = NO;
				GCC_NO_COMMON_BLOCKS = YES;
				GCC_OPTIMIZATION_LEVEL = 0;
				GCC_PREPROCESSOR_DEFINITIONS = (
					"DEBUG=1",
					"$(inherited)",
				);
				GCC_WARN_64_TO_32_BIT_CONVERSION = YES;
				GCC_WARN_ABOUT_RETURN_TYPE = YES_ERROR;
				GCC_WARN_UNDECLARED_SELECTOR = YES;
				GCC_WARN_UNINITIALIZED_AUTOS = YES_AGGRESSIVE;
				GCC_WARN_UNUSED_FUNCTION = YES;
				GCC_WARN_UNUSED_VARIABLE = YES;
				IPHONEOS_DEPLOYMENT_TARGET = 16.2;
				MTL_ENABLE_DEBUG_INFO = INCLUDE_SOURCE;
				MTL_FAST_MATH = YES;
				ONLY_ACTIVE_ARCH = YES;
				SDKROOT = iphoneos;
				SWIFT_ACTIVE_COMPILATION_CONDITIONS = DEBUG;
				SWIFT_OPTIMIZATION_LEVEL = "-Onone";
			};
			name = Debug;
		};
		F4B1F167296BEBFC006AEF63 /* Release */ = {
			isa = XCBuildConfiguration;
			buildSettings = {
				ALWAYS_SEARCH_USER_PATHS = NO;
				CLANG_ANALYZER_NONNULL = YES;
				CLANG_ANALYZER_NUMBER_OBJECT_CONVERSION = YES_AGGRESSIVE;
				CLANG_CXX_LANGUAGE_STANDARD = "gnu++20";
				CLANG_ENABLE_MODULES = YES;
				CLANG_ENABLE_OBJC_ARC = YES;
				CLANG_ENABLE_OBJC_WEAK = YES;
				CLANG_WARN_BLOCK_CAPTURE_AUTORELEASING = YES;
				CLANG_WARN_BOOL_CONVERSION = YES;
				CLANG_WARN_COMMA = YES;
				CLANG_WARN_CONSTANT_CONVERSION = YES;
				CLANG_WARN_DEPRECATED_OBJC_IMPLEMENTATIONS = YES;
				CLANG_WARN_DIRECT_OBJC_ISA_USAGE = YES_ERROR;
				CLANG_WARN_DOCUMENTATION_COMMENTS = YES;
				CLANG_WARN_EMPTY_BODY = YES;
				CLANG_WARN_ENUM_CONVERSION = YES;
				CLANG_WARN_INFINITE_RECURSION = YES;
				CLANG_WARN_INT_CONVERSION = YES;
				CLANG_WARN_NON_LITERAL_NULL_CONVERSION = YES;
				CLANG_WARN_OBJC_IMPLICIT_RETAIN_SELF = YES;
				CLANG_WARN_OBJC_LITERAL_CONVERSION = YES;
				CLANG_WARN_OBJC_ROOT_CLASS = YES_ERROR;
				CLANG_WARN_QUOTED_INCLUDE_IN_FRAMEWORK_HEADER = YES;
				CLANG_WARN_RANGE_LOOP_ANALYSIS = YES;
				CLANG_WARN_STRICT_PROTOTYPES = YES;
				CLANG_WARN_SUSPICIOUS_MOVE = YES;
				CLANG_WARN_UNGUARDED_AVAILABILITY = YES_AGGRESSIVE;
				CLANG_WARN_UNREACHABLE_CODE = YES;
				CLANG_WARN__DUPLICATE_METHOD_MATCH = YES;
				COPY_PHASE_STRIP = NO;
				DEBUG_INFORMATION_FORMAT = "dwarf-with-dsym";
				ENABLE_NS_ASSERTIONS = NO;
				ENABLE_STRICT_OBJC_MSGSEND = YES;
				GCC_C_LANGUAGE_STANDARD = gnu11;
				GCC_NO_COMMON_BLOCKS = YES;
				GCC_WARN_64_TO_32_BIT_CONVERSION = YES;
				GCC_WARN_ABOUT_RETURN_TYPE = YES_ERROR;
				GCC_WARN_UNDECLARED_SELECTOR = YES;
				GCC_WARN_UNINITIALIZED_AUTOS = YES_AGGRESSIVE;
				GCC_WARN_UNUSED_FUNCTION = YES;
				GCC_WARN_UNUSED_VARIABLE = YES;
				IPHONEOS_DEPLOYMENT_TARGET = 16.2;
				MTL_ENABLE_DEBUG_INFO = NO;
				MTL_FAST_MATH = YES;
				SDKROOT = iphoneos;
				SWIFT_COMPILATION_MODE = wholemodule;
				SWIFT_OPTIMIZATION_LEVEL = "-O";
				VALIDATE_PRODUCT = YES;
			};
			name = Release;
		};
		F4B1F169296BEBFC006AEF63 /* Debug */ = {
			isa = XCBuildConfiguration;
			buildSettings = {
				ASSETCATALOG_COMPILER_APPICON_NAME = AppIcon;
				ASSETCATALOG_COMPILER_GLOBAL_ACCENT_COLOR_NAME = AccentColor;
				CODE_SIGN_STYLE = Automatic;
				CURRENT_PROJECT_VERSION = 1;
				DEVELOPMENT_TEAM = 644G7KJQLD;
				GENERATE_INFOPLIST_FILE = YES;
				INFOPLIST_FILE = ToDo4U/Info.plist;
				INFOPLIST_KEY_UIApplicationSupportsIndirectInputEvents = YES;
				INFOPLIST_KEY_UILaunchStoryboardName = LaunchScreen;
				INFOPLIST_KEY_UIMainStoryboardFile = Main;
				INFOPLIST_KEY_UISupportedInterfaceOrientations_iPad = "UIInterfaceOrientationPortrait UIInterfaceOrientationPortraitUpsideDown UIInterfaceOrientationLandscapeLeft UIInterfaceOrientationLandscapeRight";
				INFOPLIST_KEY_UISupportedInterfaceOrientations_iPhone = "UIInterfaceOrientationPortrait UIInterfaceOrientationLandscapeLeft UIInterfaceOrientationLandscapeRight";
				LD_RUNPATH_SEARCH_PATHS = (
					"$(inherited)",
					"@executable_path/Frameworks",
				);
				MARKETING_VERSION = 1.0;
				PRODUCT_BUNDLE_IDENTIFIER = AssetManagementApp.ToDo4U;
				PRODUCT_NAME = "$(TARGET_NAME)";
				SWIFT_EMIT_LOC_STRINGS = YES;
				SWIFT_VERSION = 5.0;
				TARGETED_DEVICE_FAMILY = "1,2";
			};
			name = Debug;
		};
		F4B1F16A296BEBFC006AEF63 /* Release */ = {
			isa = XCBuildConfiguration;
			buildSettings = {
				ASSETCATALOG_COMPILER_APPICON_NAME = AppIcon;
				ASSETCATALOG_COMPILER_GLOBAL_ACCENT_COLOR_NAME = AccentColor;
				CODE_SIGN_STYLE = Automatic;
				CURRENT_PROJECT_VERSION = 1;
				DEVELOPMENT_TEAM = 644G7KJQLD;
				GENERATE_INFOPLIST_FILE = YES;
				INFOPLIST_FILE = ToDo4U/Info.plist;
				INFOPLIST_KEY_UIApplicationSupportsIndirectInputEvents = YES;
				INFOPLIST_KEY_UILaunchStoryboardName = LaunchScreen;
				INFOPLIST_KEY_UIMainStoryboardFile = Main;
				INFOPLIST_KEY_UISupportedInterfaceOrientations_iPad = "UIInterfaceOrientationPortrait UIInterfaceOrientationPortraitUpsideDown UIInterfaceOrientationLandscapeLeft UIInterfaceOrientationLandscapeRight";
				INFOPLIST_KEY_UISupportedInterfaceOrientations_iPhone = "UIInterfaceOrientationPortrait UIInterfaceOrientationLandscapeLeft UIInterfaceOrientationLandscapeRight";
				LD_RUNPATH_SEARCH_PATHS = (
					"$(inherited)",
					"@executable_path/Frameworks",
				);
				MARKETING_VERSION = 1.0;
				PRODUCT_BUNDLE_IDENTIFIER = AssetManagementApp.ToDo4U;
				PRODUCT_NAME = "$(TARGET_NAME)";
				SWIFT_EMIT_LOC_STRINGS = YES;
				SWIFT_VERSION = 5.0;
				TARGETED_DEVICE_FAMILY = "1,2";
			};
			name = Release;
		};
		F4B1F16C296BEBFC006AEF63 /* Debug */ = {
			isa = XCBuildConfiguration;
			buildSettings = {
				ALWAYS_EMBED_SWIFT_STANDARD_LIBRARIES = YES;
				BUNDLE_LOADER = "$(TEST_HOST)";
				CODE_SIGN_STYLE = Automatic;
				CURRENT_PROJECT_VERSION = 1;
				DEVELOPMENT_TEAM = 644G7KJQLD;
				GENERATE_INFOPLIST_FILE = YES;
				IPHONEOS_DEPLOYMENT_TARGET = 16.2;
				MARKETING_VERSION = 1.0;
				PRODUCT_BUNDLE_IDENTIFIER = AssetManagementApp.ToDo4UTests;
				PRODUCT_NAME = "$(TARGET_NAME)";
				SWIFT_EMIT_LOC_STRINGS = NO;
				SWIFT_VERSION = 5.0;
				TARGETED_DEVICE_FAMILY = "1,2";
				TEST_HOST = "$(BUILT_PRODUCTS_DIR)/ToDo4U.app/$(BUNDLE_EXECUTABLE_FOLDER_PATH)/ToDo4U";
			};
			name = Debug;
		};
		F4B1F16D296BEBFC006AEF63 /* Release */ = {
			isa = XCBuildConfiguration;
			buildSettings = {
				ALWAYS_EMBED_SWIFT_STANDARD_LIBRARIES = YES;
				BUNDLE_LOADER = "$(TEST_HOST)";
				CODE_SIGN_STYLE = Automatic;
				CURRENT_PROJECT_VERSION = 1;
				DEVELOPMENT_TEAM = 644G7KJQLD;
				GENERATE_INFOPLIST_FILE = YES;
				IPHONEOS_DEPLOYMENT_TARGET = 16.2;
				MARKETING_VERSION = 1.0;
				PRODUCT_BUNDLE_IDENTIFIER = AssetManagementApp.ToDo4UTests;
				PRODUCT_NAME = "$(TARGET_NAME)";
				SWIFT_EMIT_LOC_STRINGS = NO;
				SWIFT_VERSION = 5.0;
				TARGETED_DEVICE_FAMILY = "1,2";
				TEST_HOST = "$(BUILT_PRODUCTS_DIR)/ToDo4U.app/$(BUNDLE_EXECUTABLE_FOLDER_PATH)/ToDo4U";
			};
			name = Release;
		};
		F4B1F16F296BEBFC006AEF63 /* Debug */ = {
			isa = XCBuildConfiguration;
			buildSettings = {
				ALWAYS_EMBED_SWIFT_STANDARD_LIBRARIES = YES;
				CODE_SIGN_STYLE = Automatic;
				CURRENT_PROJECT_VERSION = 1;
				DEVELOPMENT_TEAM = 644G7KJQLD;
				GENERATE_INFOPLIST_FILE = YES;
				MARKETING_VERSION = 1.0;
				PRODUCT_BUNDLE_IDENTIFIER = AssetManagementApp.ToDo4UUITests;
				PRODUCT_NAME = "$(TARGET_NAME)";
				SWIFT_EMIT_LOC_STRINGS = NO;
				SWIFT_VERSION = 5.0;
				TARGETED_DEVICE_FAMILY = "1,2";
				TEST_TARGET_NAME = ToDo4U;
			};
			name = Debug;
		};
		F4B1F170296BEBFC006AEF63 /* Release */ = {
			isa = XCBuildConfiguration;
			buildSettings = {
				ALWAYS_EMBED_SWIFT_STANDARD_LIBRARIES = YES;
				CODE_SIGN_STYLE = Automatic;
				CURRENT_PROJECT_VERSION = 1;
				DEVELOPMENT_TEAM = 644G7KJQLD;
				GENERATE_INFOPLIST_FILE = YES;
				MARKETING_VERSION = 1.0;
				PRODUCT_BUNDLE_IDENTIFIER = AssetManagementApp.ToDo4UUITests;
				PRODUCT_NAME = "$(TARGET_NAME)";
				SWIFT_EMIT_LOC_STRINGS = NO;
				SWIFT_VERSION = 5.0;
				TARGETED_DEVICE_FAMILY = "1,2";
				TEST_TARGET_NAME = ToDo4U;
			};
			name = Release;
		};
/* End XCBuildConfiguration section */

/* Begin XCConfigurationList section */
		F4B1F136296BEBEA006AEF63 /* Build configuration list for PBXProject "ToDo4U" */ = {
			isa = XCConfigurationList;
			buildConfigurations = (
				F4B1F166296BEBFC006AEF63 /* Debug */,
				F4B1F167296BEBFC006AEF63 /* Release */,
			);
			defaultConfigurationIsVisible = 0;
			defaultConfigurationName = Release;
		};
		F4B1F168296BEBFC006AEF63 /* Build configuration list for PBXNativeTarget "ToDo4U" */ = {
			isa = XCConfigurationList;
			buildConfigurations = (
				F4B1F169296BEBFC006AEF63 /* Debug */,
				F4B1F16A296BEBFC006AEF63 /* Release */,
			);
			defaultConfigurationIsVisible = 0;
			defaultConfigurationName = Release;
		};
		F4B1F16B296BEBFC006AEF63 /* Build configuration list for PBXNativeTarget "ToDo4UTests" */ = {
			isa = XCConfigurationList;
			buildConfigurations = (
				F4B1F16C296BEBFC006AEF63 /* Debug */,
				F4B1F16D296BEBFC006AEF63 /* Release */,
			);
			defaultConfigurationIsVisible = 0;
			defaultConfigurationName = Release;
		};
		F4B1F16E296BEBFC006AEF63 /* Build configuration list for PBXNativeTarget "ToDo4UUITests" */ = {
			isa = XCConfigurationList;
			buildConfigurations = (
				F4B1F16F296BEBFC006AEF63 /* Debug */,
				F4B1F170296BEBFC006AEF63 /* Release */,
			);
			defaultConfigurationIsVisible = 0;
			defaultConfigurationName = Release;
		};
/* End XCConfigurationList section */

/* Begin XCVersionGroup section */
		F4B1F147296BEBEB006AEF63 /* ToDo4U.xcdatamodeld */ = {
			isa = XCVersionGroup;
			children = (
				F4B1F148296BEBEB006AEF63 /* ToDo4U.xcdatamodel */,
			);
			currentVersion = F4B1F148296BEBEB006AEF63 /* ToDo4U.xcdatamodel */;
			path = ToDo4U.xcdatamodeld;
			sourceTree = "<group>";
			versionGroupType = wrapper.xcdatamodel;
		};
/* End XCVersionGroup section */
	};
	rootObject = F4B1F133296BEBEA006AEF63 /* Project object */;
}
